
Microsoft Visual Studio Solution File, Format Version 12.00
# Visual Studio 14
VisualStudioVersion = 14.0.25420.1
MinimumVisualStudioVersion = 10.0.40219.1
Project("{8BC9CEB8-8B4A-11D0-8D11-00A0C91BC942}") = "jpeg", "jpeg.vcxproj", "{4F877E8E-BC1C-442D-BB59-E5C1C33B2C6F}"
EndProject
Project("{8BC9CEB8-8B4A-11D0-8D11-00A0C91BC942}") = "cjpeg", "cjpeg.vcxproj", "{4F6D72D3-5A20-4C24-9FFA-1E2C83C298CB}"
	ProjectSection(ProjectDependencies) = postProject
		{4F877E8E-BC1C-442D-BB59-E5C1C33B2C6F} = {4F877E8E-BC1C-442D-BB59-E5C1C33B2C6F}
	EndProjectSection
EndProject
Project("{8BC9CEB8-8B4A-11D0-8D11-00A0C91BC942}") = "djpeg", "djpeg.vcxproj", "{41528C2E-2EF6-475B-9FCC-F36BBA6009DC}"
	ProjectSection(ProjectDependencies) = postProject
		{4F877E8E-BC1C-442D-BB59-E5C1C33B2C6F} = {4F877E8E-BC1C-442D-BB59-E5C1C33B2C6F}
	EndProjectSection
EndProject
Project("{8BC9CEB8-8B4A-11D0-8D11-00A0C91BC942}") = "jpegtran", "jpegtran.vcxproj", "{CEBD22E2-C15C-40B1-86DF-B4B2E7B0F796}"
EndProject
Project("{8BC9CEB8-8B4A-11D0-8D11-00A0C91BC942}") = "wrjpgcom", "wrjpgcom.vcxproj", "{68702A13-A848-4F34-826A-EB593F9D4AE8}"
EndProject
Project("{8BC9CEB8-8B4A-11D0-8D11-00A0C91BC942}") = "rdjpgcom", "rdjpgcom.vcxproj", "{A96F4F12-C0DA-4CFA-B190-83E7FB2784FF}"
EndProject
Global
	GlobalSection(SolutionConfigurationPlatforms) = preSolution
		Debug|Win32 = Debug|Win32
		Debug|x64 = Debug|x64
		DebugDLL|Win32 = DebugDLL|Win32
		DebugDLL|x64 = DebugDLL|x64
		Release|Win32 = Release|Win32
		Release|x64 = Release|x64
		ReleaseDLL|Win32 = ReleaseDLL|Win32
		ReleaseDLL|x64 = ReleaseDLL|x64
	EndGlobalSection
	GlobalSection(ProjectConfigurationPlatforms) = postSolution
		{4F877E8E-BC1C-442D-BB59-E5C1C33B2C6F}.Debug|Win32.ActiveCfg = Debug|Win32
		{4F877E8E-BC1C-442D-BB59-E5C1C33B2C6F}.Debug|Win32.Build.0 = Debug|Win32
		{4F877E8E-BC1C-442D-BB59-E5C1C33B2C6F}.Debug|x64.ActiveCfg = Debug|x64
		{4F877E8E-BC1C-442D-BB59-E5C1C33B2C6F}.Debug|x64.Build.0 = Debug|x64
		{4F877E8E-BC1C-442D-BB59-E5C1C33B2C6F}.DebugDLL|Win32.ActiveCfg = DebugDLL|Win32
		{4F877E8E-BC1C-442D-BB59-E5C1C33B2C6F}.DebugDLL|Win32.Build.0 = DebugDLL|Win32
		{4F877E8E-BC1C-442D-BB59-E5C1C33B2C6F}.DebugDLL|x64.ActiveCfg = DebugDLL|x64
		{4F877E8E-BC1C-442D-BB59-E5C1C33B2C6F}.DebugDLL|x64.Build.0 = DebugDLL|x64
		{4F877E8E-BC1C-442D-BB59-E5C1C33B2C6F}.Release|Win32.ActiveCfg = Release|Win32
		{4F877E8E-BC1C-442D-BB59-E5C1C33B2C6F}.Release|Win32.Build.0 = Release|Win32
		{4F877E8E-BC1C-442D-BB59-E5C1C33B2C6F}.Release|x64.ActiveCfg = Release|x64
		{4F877E8E-BC1C-442D-BB59-E5C1C33B2C6F}.Release|x64.Build.0 = Release|x64
		{4F877E8E-BC1C-442D-BB59-E5C1C33B2C6F}.ReleaseDLL|Win32.ActiveCfg = ReleaseDLL|Win32
		{4F877E8E-BC1C-442D-BB59-E5C1C33B2C6F}.ReleaseDLL|Win32.Build.0 = ReleaseDLL|Win32
		{4F877E8E-BC1C-442D-BB59-E5C1C33B2C6F}.ReleaseDLL|x64.ActiveCfg = ReleaseDLL|x64
		{4F877E8E-BC1C-442D-BB59-E5C1C33B2C6F}.ReleaseDLL|x64.Build.0 = ReleaseDLL|x64
		{4F6D72D3-5A20-4C24-9FFA-1E2C83C298CB}.Debug|Win32.ActiveCfg = Debug|Win32
		{4F6D72D3-5A20-4C24-9FFA-1E2C83C298CB}.Debug|Win32.Build.0 = Debug|Win32
		{4F6D72D3-5A20-4C24-9FFA-1E2C83C298CB}.Debug|x64.ActiveCfg = Debug|x64
		{4F6D72D3-5A20-4C24-9FFA-1E2C83C298CB}.Debug|x64.Build.0 = Debug|x64
		{4F6D72D3-5A20-4C24-9FFA-1E2C83C298CB}.DebugDLL|Win32.ActiveCfg = DebugDLL|Win32
		{4F6D72D3-5A20-4C24-9FFA-1E2C83C298CB}.DebugDLL|Win32.Build.0 = DebugDLL|Win32
		{4F6D72D3-5A20-4C24-9FFA-1E2C83C298CB}.DebugDLL|x64.ActiveCfg = DebugDLL|x64
		{4F6D72D3-5A20-4C24-9FFA-1E2C83C298CB}.DebugDLL|x64.Build.0 = DebugDLL|x64
		{4F6D72D3-5A20-4C24-9FFA-1E2C83C298CB}.Release|Win32.ActiveCfg = Release|Win32
		{4F6D72D3-5A20-4C24-9FFA-1E2C83C298CB}.Release|Win32.Build.0 = Release|Win32
		{4F6D72D3-5A20-4C24-9FFA-1E2C83C298CB}.Release|x64.ActiveCfg = Release|x64
		{4F6D72D3-5A20-4C24-9FFA-1E2C83C298CB}.Release|x64.Build.0 = Release|x64
		{4F6D72D3-5A20-4C24-9FFA-1E2C83C298CB}.ReleaseDLL|Win32.ActiveCfg = ReleaseDLL|Win32
		{4F6D72D3-5A20-4C24-9FFA-1E2C83C298CB}.ReleaseDLL|Win32.Build.0 = ReleaseDLL|Win32
		{4F6D72D3-5A20-4C24-9FFA-1E2C83C298CB}.ReleaseDLL|x64.ActiveCfg = ReleaseDLL|x64
		{4F6D72D3-5A20-4C24-9FFA-1E2C83C298CB}.ReleaseDLL|x64.Build.0 = ReleaseDLL|x64
		{41528C2E-2EF6-475B-9FCC-F36BBA6009DC}.Debug|Win32.ActiveCfg = Debug|Win32
		{41528C2E-2EF6-475B-9FCC-F36BBA6009DC}.Debug|Win32.Build.0 = Debug|Win32
		{41528C2E-2EF6-475B-9FCC-F36BBA6009DC}.Debug|x64.ActiveCfg = Debug|x64
		{41528C2E-2EF6-475B-9FCC-F36BBA6009DC}.Debug|x64.Build.0 = Debug|x64
		{41528C2E-2EF6-475B-9FCC-F36BBA6009DC}.DebugDLL|Win32.ActiveCfg = DebugDLL|Win32
		{41528C2E-2EF6-475B-9FCC-F36BBA6009DC}.DebugDLL|Win32.Build.0 = DebugDLL|Win32
		{41528C2E-2EF6-475B-9FCC-F36BBA6009DC}.DebugDLL|x64.ActiveCfg = DebugDLL|x64
		{41528C2E-2EF6-475B-9FCC-F36BBA6009DC}.DebugDLL|x64.Build.0 = DebugDLL|x64
		{41528C2E-2EF6-475B-9FCC-F36BBA6009DC}.Release|Win32.ActiveCfg = Release|Win32
		{41528C2E-2EF6-475B-9FCC-F36BBA6009DC}.Release|Win32.Build.0 = Release|Win32
		{41528C2E-2EF6-475B-9FCC-F36BBA6009DC}.Release|x64.ActiveCfg = Release|x64
		{41528C2E-2EF6-475B-9FCC-F36BBA6009DC}.Release|x64.Build.0 = Release|x64
		{41528C2E-2EF6-475B-9FCC-F36BBA6009DC}.ReleaseDLL|Win32.ActiveCfg = ReleaseDLL|Win32
		{41528C2E-2EF6-475B-9FCC-F36BBA6009DC}.ReleaseDLL|Win32.Build.0 = ReleaseDLL|Win32
		{41528C2E-2EF6-475B-9FCC-F36BBA6009DC}.ReleaseDLL|x64.ActiveCfg = ReleaseDLL|x64
		{41528C2E-2EF6-475B-9FCC-F36BBA6009DC}.ReleaseDLL|x64.Build.0 = ReleaseDLL|x64
		{CEBD22E2-C15C-40B1-86DF-B4B2E7B0F796}.Debug|Win32.ActiveCfg = Debug|Win32
		{CEBD22E2-C15C-40B1-86DF-B4B2E7B0F796}.Debug|Win32.Build.0 = Debug|Win32
		{CEBD22E2-C15C-40B1-86DF-B4B2E7B0F796}.Debug|x64.ActiveCfg = Debug|x64
		{CEBD22E2-C15C-40B1-86DF-B4B2E7B0F796}.Debug|x64.Build.0 = Debug|x64
		{CEBD22E2-C15C-40B1-86DF-B4B2E7B0F796}.DebugDLL|Win32.ActiveCfg = DebugDLL|Win32
		{CEBD22E2-C15C-40B1-86DF-B4B2E7B0F796}.DebugDLL|Win32.Build.0 = DebugDLL|Win32
		{CEBD22E2-C15C-40B1-86DF-B4B2E7B0F796}.DebugDLL|x64.ActiveCfg = DebugDLL|x64
		{CEBD22E2-C15C-40B1-86DF-B4B2E7B0F796}.DebugDLL|x64.Build.0 = DebugDLL|x64
		{CEBD22E2-C15C-40B1-86DF-B4B2E7B0F796}.Release|Win32.ActiveCfg = Release|Win32
		{CEBD22E2-C15C-40B1-86DF-B4B2E7B0F796}.Release|Win32.Build.0 = Release|Win32
		{CEBD22E2-C15C-40B1-86DF-B4B2E7B0F796}.Release|x64.ActiveCfg = Release|x64
		{CEBD22E2-C15C-40B1-86DF-B4B2E7B0F796}.Release|x64.Build.0 = Release|x64
		{CEBD22E2-C15C-40B1-86DF-B4B2E7B0F796}.ReleaseDLL|Win32.ActiveCfg = ReleaseDLL|Win32
		{CEBD22E2-C15C-40B1-86DF-B4B2E7B0F796}.ReleaseDLL|Win32.Build.0 = ReleaseDLL|Win32
		{CEBD22E2-C15C-40B1-86DF-B4B2E7B0F796}.ReleaseDLL|x64.ActiveCfg = ReleaseDLL|x64
		{CEBD22E2-C15C-40B1-86DF-B4B2E7B0F796}.ReleaseDLL|x64.Build.0 = ReleaseDLL|x64
		{68702A13-A848-4F34-826A-EB593F9D4AE8}.Debug|Win32.ActiveCfg = DebugEXE|Win32
		{68702A13-A848-4F34-826A-EB593F9D4AE8}.Debug|Win32.Build.0 = DebugEXE|Win32
		{68702A13-A848-4F34-826A-EB593F9D4AE8}.Debug|x64.ActiveCfg = DebugEXE|x64
		{68702A13-A848-4F34-826A-EB593F9D4AE8}.Debug|x64.Build.0 = DebugEXE|x64
		{68702A13-A848-4F34-826A-EB593F9D4AE8}.DebugDLL|Win32.ActiveCfg = DebugEXE|Win32
		{68702A13-A848-4F34-826A-EB593F9D4AE8}.DebugDLL|Win32.Build.0 = DebugEXE|Win32
		{68702A13-A848-4F34-826A-EB593F9D4AE8}.DebugDLL|x64.ActiveCfg = DebugEXE|x64
		{68702A13-A848-4F34-826A-EB593F9D4AE8}.DebugDLL|x64.Build.0 = DebugEXE|x64
		{68702A13-A848-4F34-826A-EB593F9D4AE8}.Release|Win32.ActiveCfg = ReleaseEXE|Win32
		{68702A13-A848-4F34-826A-EB593F9D4AE8}.Release|Win32.Build.0 = ReleaseEXE|Win32
		{68702A13-A848-4F34-826A-EB593F9D4AE8}.Release|x64.ActiveCfg = ReleaseEXE|x64
		{68702A13-A848-4F34-826A-EB593F9D4AE8}.Release|x64.Build.0 = ReleaseEXE|x64
		{68702A13-A848-4F34-826A-EB593F9D4AE8}.ReleaseDLL|Win32.ActiveCfg = ReleaseEXE|Win32
		{68702A13-A848-4F34-826A-EB593F9D4AE8}.ReleaseDLL|Win32.Build.0 = ReleaseEXE|Win32
		{68702A13-A848-4F34-826A-EB593F9D4AE8}.ReleaseDLL|x64.ActiveCfg = ReleaseEXE|x64
		{68702A13-A848-4F34-826A-EB593F9D4AE8}.ReleaseDLL|x64.Build.0 = ReleaseEXE|x64
		{A96F4F12-C0DA-4CFA-B190-83E7FB2784FF}.Debug|Win32.ActiveCfg = DebugEXE|Win32
		{A96F4F12-C0DA-4CFA-B190-83E7FB2784FF}.Debug|Win32.Build.0 = DebugEXE|Win32
		{A96F4F12-C0DA-4CFA-B190-83E7FB2784FF}.Debug|x64.ActiveCfg = DebugEXE|x64
		{A96F4F12-C0DA-4CFA-B190-83E7FB2784FF}.Debug|x64.Build.0 = DebugEXE|x64
		{A96F4F12-C0DA-4CFA-B190-83E7FB2784FF}.DebugDLL|Win32.ActiveCfg = DebugEXE|Win32
		{A96F4F12-C0DA-4CFA-B190-83E7FB2784FF}.DebugDLL|Win32.Build.0 = DebugEXE|Win32
		{A96F4F12-C0DA-4CFA-B190-83E7FB2784FF}.DebugDLL|x64.ActiveCfg = DebugEXE|x64
		{A96F4F12-C0DA-4CFA-B190-83E7FB2784FF}.DebugDLL|x64.Build.0 = DebugEXE|x64
		{A96F4F12-C0DA-4CFA-B190-83E7FB2784FF}.Release|Win32.ActiveCfg = ReleaseEXE|Win32
		{A96F4F12-C0DA-4CFA-B190-83E7FB2784FF}.Release|Win32.Build.0 = ReleaseEXE|Win32
		{A96F4F12-C0DA-4CFA-B190-83E7FB2784FF}.Release|x64.ActiveCfg = ReleaseEXE|x64
		{A96F4F12-C0DA-4CFA-B190-83E7FB2784FF}.Release|x64.Build.0 = ReleaseEXE|x64
		{A96F4F12-C0DA-4CFA-B190-83E7FB2784FF}.ReleaseDLL|Win32.ActiveCfg = ReleaseEXE|Win32
		{A96F4F12-C0DA-4CFA-B190-83E7FB2784FF}.ReleaseDLL|Win32.Build.0 = ReleaseEXE|Win32
		{A96F4F12-C0DA-4CFA-B190-83E7FB2784FF}.ReleaseDLL|x64.ActiveCfg = ReleaseEXE|x64
		{A96F4F12-C0DA-4CFA-B190-83E7FB2784FF}.ReleaseDLL|x64.Build.0 = ReleaseEXE|x64
	EndGlobalSection
	GlobalSection(SolutionProperties) = preSolution
		HideSolutionNode = FALSE
	EndGlobalSection
EndGlobal
